// !$*UTF8*$!
{
	archiveVersion = 1;
	classes = {
	};
	objectVersion = 56;
	objects = {

/* Begin PBXBuildFile section */
		B8A2EA1C2B078F8A0081AA82 /* GenericHTTPClientApp.swift in Sources */ = {isa = PBXBuildFile; fileRef = B8A2EA1B2B078F8A0081AA82 /* GenericHTTPClientApp.swift */; };
		B8A2EA1E2B078F8A0081AA82 /* ContentView.swift in Sources */ = {isa = PBXBuildFile; fileRef = B8A2EA1D2B078F8A0081AA82 /* ContentView.swift */; };
		B8A2EA202B078F8C0081AA82 /* Assets.xcassets in Resources */ = {isa = PBXBuildFile; fileRef = B8A2EA1F2B078F8C0081AA82 /* Assets.xcassets */; };
		B8A2EA232B078F8C0081AA82 /* Preview Assets.xcassets in Resources */ = {isa = PBXBuildFile; fileRef = B8A2EA222B078F8C0081AA82 /* Preview Assets.xcassets */; };
		B8A2EA2D2B078F8C0081AA82 /* GenericHTTPClientTests.swift in Sources */ = {isa = PBXBuildFile; fileRef = B8A2EA2C2B078F8C0081AA82 /* GenericHTTPClientTests.swift */; };
		B8A2EA372B078F8C0081AA82 /* GenericHTTPClientUITests.swift in Sources */ = {isa = PBXBuildFile; fileRef = B8A2EA362B078F8C0081AA82 /* GenericHTTPClientUITests.swift */; };
		B8A2EA392B078F8C0081AA82 /* GenericHTTPClientUITestsLaunchTests.swift in Sources */ = {isa = PBXBuildFile; fileRef = B8A2EA382B078F8C0081AA82 /* GenericHTTPClientUITestsLaunchTests.swift */; };
		B8A2EA462B078FB70081AA82 /* HTTPClient.swift in Sources */ = {isa = PBXBuildFile; fileRef = B8A2EA452B078FB70081AA82 /* HTTPClient.swift */; };
		B8A2EA492B07969E0081AA82 /* SwiftKeychainWrapper in Frameworks */ = {isa = PBXBuildFile; productRef = B8A2EA482B07969E0081AA82 /* SwiftKeychainWrapper */; };
		B8A2EA4B2B07986F0081AA82 /* myModel.swift in Sources */ = {isa = PBXBuildFile; fileRef = B8A2EA4A2B07986F0081AA82 /* myModel.swift */; };
		B8D79A7B2B07A8D60026FB35 /* ViewModel.swift in Sources */ = {isa = PBXBuildFile; fileRef = B8D79A7A2B07A8D60026FB35 /* ViewModel.swift */; };
/* End PBXBuildFile section */

/* Begin PBXContainerItemProxy section */
		B8A2EA292B078F8C0081AA82 /* PBXContainerItemProxy */ = {
			isa = PBXContainerItemProxy;
			containerPortal = B8A2EA102B078F8A0081AA82 /* Project object */;
			proxyType = 1;
			remoteGlobalIDString = B8A2EA172B078F8A0081AA82;
			remoteInfo = GenericHTTPClient;
		};
		B8A2EA332B078F8C0081AA82 /* PBXContainerItemProxy */ = {
			isa = PBXContainerItemProxy;
			containerPortal = B8A2EA102B078F8A0081AA82 /* Project object */;
			proxyType = 1;
			remoteGlobalIDString = B8A2EA172B078F8A0081AA82;
			remoteInfo = GenericHTTPClient;
		};
/* End PBXContainerItemProxy section */

/* Begin PBXFileReference section */
		B8A2EA182B078F8A0081AA82 /* GenericHTTPClient.app */ = {isa = PBXFileReference; explicitFileType = wrapper.application; includeInIndex = 0; path = GenericHTTPClient.app; sourceTree = BUILT_PRODUCTS_DIR; };
		B8A2EA1B2B078F8A0081AA82 /* GenericHTTPClientApp.swift */ = {isa = PBXFileReference; lastKnownFileType = sourcecode.swift; path = GenericHTTPClientApp.swift; sourceTree = "<group>"; };
		B8A2EA1D2B078F8A0081AA82 /* ContentView.swift */ = {isa = PBXFileReference; lastKnownFileType = sourcecode.swift; path = ContentView.swift; sourceTree = "<group>"; };
		B8A2EA1F2B078F8C0081AA82 /* Assets.xcassets */ = {isa = PBXFileReference; lastKnownFileType = folder.assetcatalog; path = Assets.xcassets; sourceTree = "<group>"; };
		B8A2EA222B078F8C0081AA82 /* Preview Assets.xcassets */ = {isa = PBXFileReference; lastKnownFileType = folder.assetcatalog; path = "Preview Assets.xcassets"; sourceTree = "<group>"; };
		B8A2EA282B078F8C0081AA82 /* GenericHTTPClientTests.xctest */ = {isa = PBXFileReference; explicitFileType = wrapper.cfbundle; includeInIndex = 0; path = GenericHTTPClientTests.xctest; sourceTree = BUILT_PRODUCTS_DIR; };
		B8A2EA2C2B078F8C0081AA82 /* GenericHTTPClientTests.swift */ = {isa = PBXFileReference; lastKnownFileType = sourcecode.swift; path = GenericHTTPClientTests.swift; sourceTree = "<group>"; };
		B8A2EA322B078F8C0081AA82 /* GenericHTTPClientUITests.xctest */ = {isa = PBXFileReference; explicitFileType = wrapper.cfbundle; includeInIndex = 0; path = GenericHTTPClientUITests.xctest; sourceTree = BUILT_PRODUCTS_DIR; };
		B8A2EA362B078F8C0081AA82 /* GenericHTTPClientUITests.swift */ = {isa = PBXFileReference; lastKnownFileType = sourcecode.swift; path = GenericHTTPClientUITests.swift; sourceTree = "<group>"; };
		B8A2EA382B078F8C0081AA82 /* GenericHTTPClientUITestsLaunchTests.swift */ = {isa = PBXFileReference; lastKnownFileType = sourcecode.swift; path = GenericHTTPClientUITestsLaunchTests.swift; sourceTree = "<group>"; };
		B8A2EA452B078FB70081AA82 /* HTTPClient.swift */ = {isa = PBXFileReference; lastKnownFileType = sourcecode.swift; path = HTTPClient.swift; sourceTree = "<group>"; };
		B8A2EA4A2B07986F0081AA82 /* myModel.swift */ = {isa = PBXFileReference; lastKnownFileType = sourcecode.swift; path = myModel.swift; sourceTree = "<group>"; };
		B8D79A7A2B07A8D60026FB35 /* ViewModel.swift */ = {isa = PBXFileReference; lastKnownFileType = sourcecode.swift; path = ViewModel.swift; sourceTree = "<group>"; };
/* End PBXFileReference section */

/* Begin PBXFrameworksBuildPhase section */
		B8A2EA152B078F8A0081AA82 /* Frameworks */ = {
			isa = PBXFrameworksBuildPhase;
			buildActionMask = 2147483647;
			files = (
				B8A2EA492B07969E0081AA82 /* SwiftKeychainWrapper in Frameworks */,
			);
			runOnlyForDeploymentPostprocessing = 0;
		};
		B8A2EA252B078F8C0081AA82 /* Frameworks */ = {
			isa = PBXFrameworksBuildPhase;
			buildActionMask = 2147483647;
			files = (
			);
			runOnlyForDeploymentPostprocessing = 0;
		};
		B8A2EA2F2B078F8C0081AA82 /* Frameworks */ = {
			isa = PBXFrameworksBuildPhase;
			buildActionMask = 2147483647;
			files = (
			);
			runOnlyForDeploymentPostprocessing = 0;
		};
/* End PBXFrameworksBuildPhase section */

/* Begin PBXGroup section */
		B8A2EA0F2B078F8A0081AA82 = {
			isa = PBXGroup;
			children = (
				B8A2EA1A2B078F8A0081AA82 /* GenericHTTPClient */,
				B8A2EA2B2B078F8C0081AA82 /* GenericHTTPClientTests */,
				B8A2EA352B078F8C0081AA82 /* GenericHTTPClientUITests */,
				B8A2EA192B078F8A0081AA82 /* Products */,
			);
			sourceTree = "<group>";
		};
		B8A2EA192B078F8A0081AA82 /* Products */ = {
			isa = PBXGroup;
			children = (
				B8A2EA182B078F8A0081AA82 /* GenericHTTPClient.app */,
				B8A2EA282B078F8C0081AA82 /* GenericHTTPClientTests.xctest */,
				B8A2EA322B078F8C0081AA82 /* GenericHTTPClientUITests.xctest */,
			);
			name = Products;
			sourceTree = "<group>";
		};
		B8A2EA1A2B078F8A0081AA82 /* GenericHTTPClient */ = {
			isa = PBXGroup;
			children = (
				B8A2EA1B2B078F8A0081AA82 /* GenericHTTPClientApp.swift */,
				B8A2EA1D2B078F8A0081AA82 /* ContentView.swift */,
				B8D79A7C2B07BC7F0026FB35 /* ApiService */,
				B8D79A792B07A8B70026FB35 /* Model */,
				B8D79A782B07A8AD0026FB35 /* ViewModel */,
				B8A2EA1F2B078F8C0081AA82 /* Assets.xcassets */,
				B8A2EA212B078F8C0081AA82 /* Preview Content */,
			);
			path = GenericHTTPClient;
			sourceTree = "<group>";
		};
		B8A2EA212B078F8C0081AA82 /* Preview Content */ = {
			isa = PBXGroup;
			children = (
				B8A2EA222B078F8C0081AA82 /* Preview Assets.xcassets */,
			);
			path = "Preview Content";
			sourceTree = "<group>";
		};
		B8A2EA2B2B078F8C0081AA82 /* GenericHTTPClientTests */ = {
			isa = PBXGroup;
			children = (
				B8A2EA2C2B078F8C0081AA82 /* GenericHTTPClientTests.swift */,
			);
			path = GenericHTTPClientTests;
			sourceTree = "<group>";
		};
		B8A2EA352B078F8C0081AA82 /* GenericHTTPClientUITests */ = {
			isa = PBXGroup;
			children = (
				B8A2EA362B078F8C0081AA82 /* GenericHTTPClientUITests.swift */,
				B8A2EA382B078F8C0081AA82 /* GenericHTTPClientUITestsLaunchTests.swift */,
			);
			path = GenericHTTPClientUITests;
			sourceTree = "<group>";
		};
		B8D79A782B07A8AD0026FB35 /* ViewModel */ = {
			isa = PBXGroup;
			children = (
				B8D79A7A2B07A8D60026FB35 /* ViewModel.swift */,
			);
			path = ViewModel;
			sourceTree = "<group>";
		};
		B8D79A792B07A8B70026FB35 /* Model */ = {
			isa = PBXGroup;
			children = (
				B8A2EA4A2B07986F0081AA82 /* myModel.swift */,
			);
			path = Model;
			sourceTree = "<group>";
		};
		B8D79A7C2B07BC7F0026FB35 /* ApiService */ = {
			isa = PBXGroup;
			children = (
				B8A2EA452B078FB70081AA82 /* HTTPClient.swift */,
			);
			path = ApiService;
			sourceTree = "<group>";
		};
/* End PBXGroup section */

/* Begin PBXNativeTarget section */
		B8A2EA172B078F8A0081AA82 /* GenericHTTPClient */ = {
			isa = PBXNativeTarget;
			buildConfigurationList = B8A2EA3C2B078F8C0081AA82 /* Build configuration list for PBXNativeTarget "GenericHTTPClient" */;
			buildPhases = (
				B8A2EA142B078F8A0081AA82 /* Sources */,
				B8A2EA152B078F8A0081AA82 /* Frameworks */,
				B8A2EA162B078F8A0081AA82 /* Resources */,
			);
			buildRules = (
			);
			dependencies = (
			);
			name = GenericHTTPClient;
			packageProductDependencies = (
				B8A2EA482B07969E0081AA82 /* SwiftKeychainWrapper */,
			);
			productName = GenericHTTPClient;
			productReference = B8A2EA182B078F8A0081AA82 /* GenericHTTPClient.app */;
			productType = "com.apple.product-type.application";
		};
		B8A2EA272B078F8C0081AA82 /* GenericHTTPClientTests */ = {
			isa = PBXNativeTarget;
			buildConfigurationList = B8A2EA3F2B078F8C0081AA82 /* Build configuration list for PBXNativeTarget "GenericHTTPClientTests" */;
			buildPhases = (
				B8A2EA242B078F8C0081AA82 /* Sources */,
				B8A2EA252B078F8C0081AA82 /* Frameworks */,
				B8A2EA262B078F8C0081AA82 /* Resources */,
			);
			buildRules = (
			);
			dependencies = (
				B8A2EA2A2B078F8C0081AA82 /* PBXTargetDependency */,
			);
			name = GenericHTTPClientTests;
			productName = GenericHTTPClientTests;
			productReference = B8A2EA282B078F8C0081AA82 /* GenericHTTPClientTests.xctest */;
			productType = "com.apple.product-type.bundle.unit-test";
		};
		B8A2EA312B078F8C0081AA82 /* GenericHTTPClientUITests */ = {
			isa = PBXNativeTarget;
			buildConfigurationList = B8A2EA422B078F8C0081AA82 /* Build configuration list for PBXNativeTarget "GenericHTTPClientUITests" */;
			buildPhases = (
				B8A2EA2E2B078F8C0081AA82 /* Sources */,
				B8A2EA2F2B078F8C0081AA82 /* Frameworks */,
				B8A2EA302B078F8C0081AA82 /* Resources */,
			);
			buildRules = (
			);
			dependencies = (
				B8A2EA342B078F8C0081AA82 /* PBXTargetDependency */,
			);
			name = GenericHTTPClientUITests;
			productName = GenericHTTPClientUITests;
			productReference = B8A2EA322B078F8C0081AA82 /* GenericHTTPClientUITests.xctest */;
			productType = "com.apple.product-type.bundle.ui-testing";
		};
/* End PBXNativeTarget section */

/* Begin PBXProject section */
		B8A2EA102B078F8A0081AA82 /* Project object */ = {
			isa = PBXProject;
			attributes = {
				BuildIndependentTargetsInParallel = 1;
				LastSwiftUpdateCheck = 1500;
				LastUpgradeCheck = 1500;
				TargetAttributes = {
					B8A2EA172B078F8A0081AA82 = {
						CreatedOnToolsVersion = 15.0.1;
					};
					B8A2EA272B078F8C0081AA82 = {
						CreatedOnToolsVersion = 15.0.1;
						TestTargetID = B8A2EA172B078F8A0081AA82;
					};
					B8A2EA312B078F8C0081AA82 = {
						CreatedOnToolsVersion = 15.0.1;
						TestTargetID = B8A2EA172B078F8A0081AA82;
					};
				};
			};
			buildConfigurationList = B8A2EA132B078F8A0081AA82 /* Build configuration list for PBXProject "GenericHTTPClient" */;
			compatibilityVersion = "Xcode 14.0";
			developmentRegion = en;
			hasScannedForEncodings = 0;
			knownRegions = (
				en,
				Base,
			);
			mainGroup = B8A2EA0F2B078F8A0081AA82;
			packageReferences = (
				B8A2EA472B07969E0081AA82 /* XCRemoteSwiftPackageReference "SwiftKeychainWrapper" */,
			);
			productRefGroup = B8A2EA192B078F8A0081AA82 /* Products */;
			projectDirPath = "";
			projectRoot = "";
			targets = (
				B8A2EA172B078F8A0081AA82 /* GenericHTTPClient */,
				B8A2EA272B078F8C0081AA82 /* GenericHTTPClientTests */,
				B8A2EA312B078F8C0081AA82 /* GenericHTTPClientUITests */,
			);
		};
/* End PBXProject section */

/* Begin PBXResourcesBuildPhase section */
		B8A2EA162B078F8A0081AA82 /* Resources */ = {
			isa = PBXResourcesBuildPhase;
			buildActionMask = 2147483647;
			files = (
				B8A2EA232B078F8C0081AA82 /* Preview Assets.xcassets in Resources */,
				B8A2EA202B078F8C0081AA82 /* Assets.xcassets in Resources */,
			);
			runOnlyForDeploymentPostprocessing = 0;
		};
		B8A2EA262B078F8C0081AA82 /* Resources */ = {
			isa = PBXResourcesBuildPhase;
			buildActionMask = 2147483647;
			files = (
			);
			runOnlyForDeploymentPostprocessing = 0;
		};
		B8A2EA302B078F8C0081AA82 /* Resources */ = {
			isa = PBXResourcesBuildPhase;
			buildActionMask = 2147483647;
			files = (
			);
			runOnlyForDeploymentPostprocessing = 0;
		};
/* End PBXResourcesBuildPhase section */

/* Begin PBXSourcesBuildPhase section */
		B8A2EA142B078F8A0081AA82 /* Sources */ = {
			isa = PBXSourcesBuildPhase;
			buildActionMask = 2147483647;
			files = (
				B8D79A7B2B07A8D60026FB35 /* ViewModel.swift in Sources */,
				B8A2EA1E2B078F8A0081AA82 /* ContentView.swift in Sources */,
				B8A2EA1C2B078F8A0081AA82 /* GenericHTTPClientApp.swift in Sources */,
				B8A2EA462B078FB70081AA82 /* HTTPClient.swift in Sources */,
				B8A2EA4B2B07986F0081AA82 /* myModel.swift in Sources */,
			);
			runOnlyForDeploymentPostprocessing = 0;
		};
		B8A2EA242B078F8C0081AA82 /* Sources */ = {
			isa = PBXSourcesBuildPhase;
			buildActionMask = 2147483647;
			files = (
				B8A2EA2D2B078F8C0081AA82 /* GenericHTTPClientTests.swift in Sources */,
			);
			runOnlyForDeploymentPostprocessing = 0;
		};
		B8A2EA2E2B078F8C0081AA82 /* Sources */ = {
			isa = PBXSourcesBuildPhase;
			buildActionMask = 2147483647;
			files = (
				B8A2EA372B078F8C0081AA82 /* GenericHTTPClientUITests.swift in Sources */,
				B8A2EA392B078F8C0081AA82 /* GenericHTTPClientUITestsLaunchTests.swift in Sources */,
			);
			runOnlyForDeploymentPostprocessing = 0;
		};
/* End PBXSourcesBuildPhase section */

/* Begin PBXTargetDependency section */
		B8A2EA2A2B078F8C0081AA82 /* PBXTargetDependency */ = {
			isa = PBXTargetDependency;
			target = B8A2EA172B078F8A0081AA82 /* GenericHTTPClient */;
			targetProxy = B8A2EA292B078F8C0081AA82 /* PBXContainerItemProxy */;
		};
		B8A2EA342B078F8C0081AA82 /* PBXTargetDependency */ = {
			isa = PBXTargetDependency;
			target = B8A2EA172B078F8A0081AA82 /* GenericHTTPClient */;
			targetProxy = B8A2EA332B078F8C0081AA82 /* PBXContainerItemProxy */;
		};
/* End PBXTargetDependency section */

/* Begin XCBuildConfiguration section */
		B8A2EA3A2B078F8C0081AA82 /* Debug */ = {
			isa = XCBuildConfiguration;
			buildSettings = {
				ALWAYS_SEARCH_USER_PATHS = NO;
				ASSETCATALOG_COMPILER_GENERATE_SWIFT_ASSET_SYMBOL_EXTENSIONS = YES;
				CLANG_ANALYZER_NONNULL = YES;
				CLANG_ANALYZER_NUMBER_OBJECT_CONVERSION = YES_AGGRESSIVE;
				CLANG_CXX_LANGUAGE_STANDARD = "gnu++20";
				CLANG_ENABLE_MODULES = YES;
				CLANG_ENABLE_OBJC_ARC = YES;
				CLANG_ENABLE_OBJC_WEAK = YES;
				CLANG_WARN_BLOCK_CAPTURE_AUTORELEASING = YES;
				CLANG_WARN_BOOL_CONVERSION = YES;
				CLANG_WARN_COMMA = YES;
				CLANG_WARN_CONSTANT_CONVERSION = YES;
				CLANG_WARN_DEPRECATED_OBJC_IMPLEMENTATIONS = YES;
				CLANG_WARN_DIRECT_OBJC_ISA_USAGE = YES_ERROR;
				CLANG_WARN_DOCUMENTATION_COMMENTS = YES;
				CLANG_WARN_EMPTY_BODY = YES;
				CLANG_WARN_ENUM_CONVERSION = YES;
				CLANG_WARN_INFINITE_RECURSION = YES;
				CLANG_WARN_INT_CONVERSION = YES;
				CLANG_WARN_NON_LITERAL_NULL_CONVERSION = YES;
				CLANG_WARN_OBJC_IMPLICIT_RETAIN_SELF = YES;
				CLANG_WARN_OBJC_LITERAL_CONVERSION = YES;
				CLANG_WARN_OBJC_ROOT_CLASS = YES_ERROR;
				CLANG_WARN_QUOTED_INCLUDE_IN_FRAMEWORK_HEADER = YES;
				CLANG_WARN_RANGE_LOOP_ANALYSIS = YES;
				CLANG_WARN_STRICT_PROTOTYPES = YES;
				CLANG_WARN_SUSPICIOUS_MOVE = YES;
				CLANG_WARN_UNGUARDED_AVAILABILITY = YES_AGGRESSIVE;
				CLANG_WARN_UNREACHABLE_CODE = YES;
				CLANG_WARN__DUPLICATE_METHOD_MATCH = YES;
				COPY_PHASE_STRIP = NO;
				DEBUG_INFORMATION_FORMAT = dwarf;
				ENABLE_STRICT_OBJC_MSGSEND = YES;
				ENABLE_TESTABILITY = YES;
				ENABLE_USER_SCRIPT_SANDBOXING = YES;
				GCC_C_LANGUAGE_STANDARD = gnu17;
				GCC_DYNAMIC_NO_PIC = NO;
				GCC_NO_COMMON_BLOCKS = YES;
				GCC_OPTIMIZATION_LEVEL = 0;
				GCC_PREPROCESSOR_DEFINITIONS = (
					"DEBUG=1",
					"$(inherited)",
				);
				GCC_WARN_64_TO_32_BIT_CONVERSION = YES;
				GCC_WARN_ABOUT_RETURN_TYPE = YES_ERROR;
				GCC_WARN_UNDECLARED_SELECTOR = YES;
				GCC_WARN_UNINITIALIZED_AUTOS = YES_AGGRESSIVE;
				GCC_WARN_UNUSED_FUNCTION = YES;
				GCC_WARN_UNUSED_VARIABLE = YES;
				IPHONEOS_DEPLOYMENT_TARGET = 17.0;
				LOCALIZATION_PREFERS_STRING_CATALOGS = YES;
				MTL_ENABLE_DEBUG_INFO = INCLUDE_SOURCE;
				MTL_FAST_MATH = YES;
				ONLY_ACTIVE_ARCH = YES;
				SDKROOT = iphoneos;
				SWIFT_ACTIVE_COMPILATION_CONDITIONS = "DEBUG $(inherited)";
				SWIFT_OPTIMIZATION_LEVEL = "-Onone";
			};
			name = Debug;
		};
		B8A2EA3B2B078F8C0081AA82 /* Release */ = {
			isa = XCBuildConfiguration;
			buildSettings = {
				ALWAYS_SEARCH_USER_PATHS = NO;
				ASSETCATALOG_COMPILER_GENERATE_SWIFT_ASSET_SYMBOL_EXTENSIONS = YES;
				CLANG_ANALYZER_NONNULL = YES;
				CLANG_ANALYZER_NUMBER_OBJECT_CONVERSION = YES_AGGRESSIVE;
				CLANG_CXX_LANGUAGE_STANDARD = "gnu++20";
				CLANG_ENABLE_MODULES = YES;
				CLANG_ENABLE_OBJC_ARC = YES;
				CLANG_ENABLE_OBJC_WEAK = YES;
				CLANG_WARN_BLOCK_CAPTURE_AUTORELEASING = YES;
				CLANG_WARN_BOOL_CONVERSION = YES;
				CLANG_WARN_COMMA = YES;
				CLANG_WARN_CONSTANT_CONVERSION = YES;
				CLANG_WARN_DEPRECATED_OBJC_IMPLEMENTATIONS = YES;
				CLANG_WARN_DIRECT_OBJC_ISA_USAGE = YES_ERROR;
				CLANG_WARN_DOCUMENTATION_COMMENTS = YES;
				CLANG_WARN_EMPTY_BODY = YES;
				CLANG_WARN_ENUM_CONVERSION = YES;
				CLANG_WARN_INFINITE_RECURSION = YES;
				CLANG_WARN_INT_CONVERSION = YES;
				CLANG_WARN_NON_LITERAL_NULL_CONVERSION = YES;
				CLANG_WARN_OBJC_IMPLICIT_RETAIN_SELF = YES;
				CLANG_WARN_OBJC_LITERAL_CONVERSION = YES;
				CLANG_WARN_OBJC_ROOT_CLASS = YES_ERROR;
				CLANG_WARN_QUOTED_INCLUDE_IN_FRAMEWORK_HEADER = YES;
				CLANG_WARN_RANGE_LOOP_ANALYSIS = YES;
				CLANG_WARN_STRICT_PROTOTYPES = YES;
				CLANG_WARN_SUSPICIOUS_MOVE = YES;
				CLANG_WARN_UNGUARDED_AVAILABILITY = YES_AGGRESSIVE;
				CLANG_WARN_UNREACHABLE_CODE = YES;
				CLANG_WARN__DUPLICATE_METHOD_MATCH = YES;
				COPY_PHASE_STRIP = NO;
				DEBUG_INFORMATION_FORMAT = "dwarf-with-dsym";
				ENABLE_NS_ASSERTIONS = NO;
				ENABLE_STRICT_OBJC_MSGSEND = YES;
				ENABLE_USER_SCRIPT_SANDBOXING = YES;
				GCC_C_LANGUAGE_STANDARD = gnu17;
				GCC_NO_COMMON_BLOCKS = YES;
				GCC_WARN_64_TO_32_BIT_CONVERSION = YES;
				GCC_WARN_ABOUT_RETURN_TYPE = YES_ERROR;
				GCC_WARN_UNDECLARED_SELECTOR = YES;
				GCC_WARN_UNINITIALIZED_AUTOS = YES_AGGRESSIVE;
				GCC_WARN_UNUSED_FUNCTION = YES;
				GCC_WARN_UNUSED_VARIABLE = YES;
				IPHONEOS_DEPLOYMENT_TARGET = 17.0;
				LOCALIZATION_PREFERS_STRING_CATALOGS = YES;
				MTL_ENABLE_DEBUG_INFO = NO;
				MTL_FAST_MATH = YES;
				SDKROOT = iphoneos;
				SWIFT_COMPILATION_MODE = wholemodule;
				VALIDATE_PRODUCT = YES;
			};
			name = Release;
		};
		B8A2EA3D2B078F8C0081AA82 /* Debug */ = {
			isa = XCBuildConfiguration;
			buildSettings = {
				ASSETCATALOG_COMPILER_APPICON_NAME = AppIcon;
				ASSETCATALOG_COMPILER_GLOBAL_ACCENT_COLOR_NAME = AccentColor;
				CODE_SIGN_STYLE = Automatic;
				CURRENT_PROJECT_VERSION = 1;
				DEVELOPMENT_ASSET_PATHS = "\"GenericHTTPClient/Preview Content\"";
				ENABLE_PREVIEWS = YES;
				GENERATE_INFOPLIST_FILE = YES;
				INFOPLIST_KEY_UIApplicationSceneManifest_Generation = YES;
				INFOPLIST_KEY_UIApplicationSupportsIndirectInputEvents = YES;
				INFOPLIST_KEY_UILaunchScreen_Generation = YES;
				INFOPLIST_KEY_UISupportedInterfaceOrientations_iPad = "UIInterfaceOrientationPortrait UIInterfaceOrientationPortraitUpsideDown UIInterfaceOrientationLandscapeLeft UIInterfaceOrientationLandscapeRight";
				INFOPLIST_KEY_UISupportedInterfaceOrientations_iPhone = "UIInterfaceOrientationPortrait UIInterfaceOrientationLandscapeLeft UIInterfaceOrientationLandscapeRight";
				LD_RUNPATH_SEARCH_PATHS = (
					"$(inherited)",
					"@executable_path/Frameworks",
				);
				MARKETING_VERSION = 1.0;
				PRODUCT_BUNDLE_IDENTIFIER = com.idenfo.GenericHTTPClient;
				PRODUCT_NAME = "$(TARGET_NAME)";
				SWIFT_EMIT_LOC_STRINGS = YES;
				SWIFT_VERSION = 5.0;
				TARGETED_DEVICE_FAMILY = "1,2";
			};
			name = Debug;
		};
		B8A2EA3E2B078F8C0081AA82 /* Release */ = {
			isa = XCBuildConfiguration;
			buildSettings = {
				ASSETCATALOG_COMPILER_APPICON_NAME = AppIcon;
				ASSETCATALOG_COMPILER_GLOBAL_ACCENT_COLOR_NAME = AccentColor;
				CODE_SIGN_STYLE = Automatic;
				CURRENT_PROJECT_VERSION = 1;
				DEVELOPMENT_ASSET_PATHS = "\"GenericHTTPClient/Preview Content\"";
				ENABLE_PREVIEWS = YES;
				GENERATE_INFOPLIST_FILE = YES;
				INFOPLIST_KEY_UIApplicationSceneManifest_Generation = YES;
				INFOPLIST_KEY_UIApplicationSupportsIndirectInputEvents = YES;
				INFOPLIST_KEY_UILaunchScreen_Generation = YES;
				INFOPLIST_KEY_UISupportedInterfaceOrientations_iPad = "UIInterfaceOrientationPortrait UIInterfaceOrientationPortraitUpsideDown UIInterfaceOrientationLandscapeLeft UIInterfaceOrientationLandscapeRight";
				INFOPLIST_KEY_UISupportedInterfaceOrientations_iPhone = "UIInterfaceOrientationPortrait UIInterfaceOrientationLandscapeLeft UIInterfaceOrientationLandscapeRight";
				LD_RUNPATH_SEARCH_PATHS = (
					"$(inherited)",
					"@executable_path/Frameworks",
				);
				MARKETING_VERSION = 1.0;
				PRODUCT_BUNDLE_IDENTIFIER = com.idenfo.GenericHTTPClient;
				PRODUCT_NAME = "$(TARGET_NAME)";
				SWIFT_EMIT_LOC_STRINGS = YES;
				SWIFT_VERSION = 5.0;
				TARGETED_DEVICE_FAMILY = "1,2";
			};
			name = Release;
		};
		B8A2EA402B078F8C0081AA82 /* Debug */ = {
			isa = XCBuildConfiguration;
			buildSettings = {
				ALWAYS_EMBED_SWIFT_STANDARD_LIBRARIES = YES;
				BUNDLE_LOADER = "$(TEST_HOST)";
				CODE_SIGN_STYLE = Automatic;
				CURRENT_PROJECT_VERSION = 1;
				GENERATE_INFOPLIST_FILE = YES;
				IPHONEOS_DEPLOYMENT_TARGET = 17.0;
				MARKETING_VERSION = 1.0;
				PRODUCT_BUNDLE_IDENTIFIER = com.idenfo.GenericHTTPClientTests;
				PRODUCT_NAME = "$(TARGET_NAME)";
				SWIFT_EMIT_LOC_STRINGS = NO;
				SWIFT_VERSION = 5.0;
				TARGETED_DEVICE_FAMILY = "1,2";
				TEST_HOST = "$(BUILT_PRODUCTS_DIR)/GenericHTTPClient.app/$(BUNDLE_EXECUTABLE_FOLDER_PATH)/GenericHTTPClient";
			};
			name = Debug;
		};
		B8A2EA412B078F8C0081AA82 /* Release */ = {
			isa = XCBuildConfiguration;
			buildSettings = {
				ALWAYS_EMBED_SWIFT_STANDARD_LIBRARIES = YES;
				BUNDLE_LOADER = "$(TEST_HOST)";
				CODE_SIGN_STYLE = Automatic;
				CURRENT_PROJECT_VERSION = 1;
				GENERATE_INFOPLIST_FILE = YES;
				IPHONEOS_DEPLOYMENT_TARGET = 17.0;
				MARKETING_VERSION = 1.0;
				PRODUCT_BUNDLE_IDENTIFIER = com.idenfo.GenericHTTPClientTests;
				PRODUCT_NAME = "$(TARGET_NAME)";
				SWIFT_EMIT_LOC_STRINGS = NO;
				SWIFT_VERSION = 5.0;
				TARGETED_DEVICE_FAMILY = "1,2";
				TEST_HOST = "$(BUILT_PRODUCTS_DIR)/GenericHTTPClient.app/$(BUNDLE_EXECUTABLE_FOLDER_PATH)/GenericHTTPClient";
			};
			name = Release;
		};
		B8A2EA432B078F8C0081AA82 /* Debug */ = {
			isa = XCBuildConfiguration;
			buildSettings = {
				ALWAYS_EMBED_SWIFT_STANDARD_LIBRARIES = YES;
				CODE_SIGN_STYLE = Automatic;
				CURRENT_PROJECT_VERSION = 1;
				GENERATE_INFOPLIST_FILE = YES;
				MARKETING_VERSION = 1.0;
				PRODUCT_BUNDLE_IDENTIFIER = com.idenfo.GenericHTTPClientUITests;
				PRODUCT_NAME = "$(TARGET_NAME)";
				SWIFT_EMIT_LOC_STRINGS = NO;
				SWIFT_VERSION = 5.0;
				TARGETED_DEVICE_FAMILY = "1,2";
				TEST_TARGET_NAME = GenericHTTPClient;
			};
			name = Debug;
		};
		B8A2EA442B078F8C0081AA82 /* Release */ = {
			isa = XCBuildConfiguration;
			buildSettings = {
				ALWAYS_EMBED_SWIFT_STANDARD_LIBRARIES = YES;
				CODE_SIGN_STYLE = Automatic;
				CURRENT_PROJECT_VERSION = 1;
				GENERATE_INFOPLIST_FILE = YES;
				MARKETING_VERSION = 1.0;
				PRODUCT_BUNDLE_IDENTIFIER = com.idenfo.GenericHTTPClientUITests;
				PRODUCT_NAME = "$(TARGET_NAME)";
				SWIFT_EMIT_LOC_STRINGS = NO;
				SWIFT_VERSION = 5.0;
				TARGETED_DEVICE_FAMILY = "1,2";
				TEST_TARGET_NAME = GenericHTTPClient;
			};
			name = Release;
		};
/* End XCBuildConfiguration section */

/* Begin XCConfigurationList section */
		B8A2EA132B078F8A0081AA82 /* Build configuration list for PBXProject "GenericHTTPClient" */ = {
			isa = XCConfigurationList;
			buildConfigurations = (
				B8A2EA3A2B078F8C0081AA82 /* Debug */,
				B8A2EA3B2B078F8C0081AA82 /* Release */,
			);
			defaultConfigurationIsVisible = 0;
			defaultConfigurationName = Release;
		};
		B8A2EA3C2B078F8C0081AA82 /* Build configuration list for PBXNativeTarget "GenericHTTPClient" */ = {
			isa = XCConfigurationList;
			buildConfigurations = (
				B8A2EA3D2B078F8C0081AA82 /* Debug */,
				B8A2EA3E2B078F8C0081AA82 /* Release */,
			);
			defaultConfigurationIsVisible = 0;
			defaultConfigurationName = Release;
		};
		B8A2EA3F2B078F8C0081AA82 /* Build configuration list for PBXNativeTarget "GenericHTTPClientTests" */ = {
			isa = XCConfigurationList;
			buildConfigurations = (
				B8A2EA402B078F8C0081AA82 /* Debug */,
				B8A2EA412B078F8C0081AA82 /* Release */,
			);
			defaultConfigurationIsVisible = 0;
			defaultConfigurationName = Release;
		};
		B8A2EA422B078F8C0081AA82 /* Build configuration list for PBXNativeTarget "GenericHTTPClientUITests" */ = {
			isa = XCConfigurationList;
			buildConfigurations = (
				B8A2EA432B078F8C0081AA82 /* Debug */,
				B8A2EA442B078F8C0081AA82 /* Release */,
			);
			defaultConfigurationIsVisible = 0;
			defaultConfigurationName = Release;
		};
/* End XCConfigurationList section */

/* Begin XCRemoteSwiftPackageReference section */
		B8A2EA472B07969E0081AA82 /* XCRemoteSwiftPackageReference "SwiftKeychainWrapper" */ = {
			isa = XCRemoteSwiftPackageReference;
			repositoryURL = "https://github.com/jrendel/SwiftKeychainWrapper";
			requirement = {
				kind = upToNextMajorVersion;
				minimumVersion = 4.0.1;
			};
		};
/* End XCRemoteSwiftPackageReference section */

/* Begin XCSwiftPackageProductDependency section */
		B8A2EA482B07969E0081AA82 /* SwiftKeychainWrapper */ = {
			isa = XCSwiftPackageProductDependency;
			package = B8A2EA472B07969E0081AA82 /* XCRemoteSwiftPackageReference "SwiftKeychainWrapper" */;
			productName = SwiftKeychainWrapper;
		};
/* End XCSwiftPackageProductDependency section */
	};
	rootObject = B8A2EA102B078F8A0081AA82 /* Project object */;
}
